
Microsoft Visual Studio Solution File, Format Version 10.00
# Visual Studio 2008
Project("{8BC9CEB8-8B4A-11D0-8D11-00A0C91BC942}") = "mycompiler", "mycompiler.vcproj", "{1BBB41B7-DADF-47FB-8C6D-7DFC2A633507}"
EndProject
Global
	GlobalSection(SolutionConfigurationPlatforms) = preSolution
		Debug|Win32 = Debug|Win32
		Release|Win32 = Release|Win32
	EndGlobalSection
	GlobalSection(ProjectConfigurationPlatforms) = postSolution
		{1BBB41B7-DADF-47FB-8C6D-7DFC2A633507}.Debug|Win32.ActiveCfg = Debug|Win32
		{1BBB41B7-DADF-47FB-8C6D-7DFC2A633507}.Debug|Win32.Build.0 = Debug|Win32
		{1BBB41B7-DADF-47FB-8C6D-7DFC2A633507}.Release|Win32.ActiveCfg = Release|Win32
		{1BBB41B7-DADF-47FB-8C6D-7DFC2A633507}.Release|Win32.Build.0 = Release|Win32
	EndGlobalSection
	GlobalSection(SolutionProperties) = preSolution
		HideSolutionNode = FALSE
	EndGlobalSection
EndGlobal
